
Microsoft Visual Studio Solution File, Format Version 12.00
# Visual Studio 2012
Project("{FAE04EC0-301F-11D3-BF4B-00C04F79EFBC}") = "ls.Common", "src\ls.Common\ls.Common.csproj", "{F4E6F4DD-E8A6-4451-8356-01FF60A5F3BA}"
EndProject
Project("{2150E333-8FDC-42A3-9474-1A3956D46DE8}") = "src", "src", "{D976F9BB-AC54-41B3-A107-94DA0875970F}"
EndProject
Project("{FAE04EC0-301F-11D3-BF4B-00C04F79EFBC}") = "System.Extensions", "src\System.Extensions\System.Extensions.csproj", "{F1DA37E1-B94F-4614-BAAA-E6800CF0ADDE}"
EndProject
Project("{FAE04EC0-301F-11D3-BF4B-00C04F79EFBC}") = "ls.Common.Generic", "src\ls.Common.Generic\ls.Common.Generic.csproj", "{FC183E51-B493-4ABC-BC46-7EEE687D162E}"
EndProject
Project("{FAE04EC0-301F-11D3-BF4B-00C04F79EFBC}") = "ls.Common.Utility", "src\ls.Common.Utility\ls.Common.Utility.csproj", "{ADF32BB1-0C12-4CFB-B4C7-37E698EC159C}"
EndProject
Project("{FAE04EC0-301F-11D3-BF4B-00C04F79EFBC}") = "ls.Common.Extensions", "src\ls.Common.Extensions\ls.Common.Extensions.csproj", "{994DD680-20D1-46F0-903B-8522297CBC90}"
EndProject
Project("{2150E333-8FDC-42A3-9474-1A3956D46DE8}") = "tools", "tools", "{C9083B5F-3CDF-4009-8CE2-86749F61D75F}"
EndProject
Project("{FAE04EC0-301F-11D3-BF4B-00C04F79EFBC}") = "GenerateCodeByDatabase", "src\tools\GenerateCodeByDatabase\GenerateCodeByDatabase.csproj", "{CB30CE9F-64CF-4416-832B-40BFBB26D29C}"
EndProject
Global
	GlobalSection(SolutionConfigurationPlatforms) = preSolution
		Debug|Any CPU = Debug|Any CPU
		Release|Any CPU = Release|Any CPU
	EndGlobalSection
	GlobalSection(ProjectConfigurationPlatforms) = postSolution
		{F4E6F4DD-E8A6-4451-8356-01FF60A5F3BA}.Debug|Any CPU.ActiveCfg = Debug|Any CPU
		{F4E6F4DD-E8A6-4451-8356-01FF60A5F3BA}.Debug|Any CPU.Build.0 = Debug|Any CPU
		{F4E6F4DD-E8A6-4451-8356-01FF60A5F3BA}.Release|Any CPU.ActiveCfg = Release|Any CPU
		{F4E6F4DD-E8A6-4451-8356-01FF60A5F3BA}.Release|Any CPU.Build.0 = Release|Any CPU
		{F1DA37E1-B94F-4614-BAAA-E6800CF0ADDE}.Debug|Any CPU.ActiveCfg = Debug|Any CPU
		{F1DA37E1-B94F-4614-BAAA-E6800CF0ADDE}.Debug|Any CPU.Build.0 = Debug|Any CPU
		{F1DA37E1-B94F-4614-BAAA-E6800CF0ADDE}.Release|Any CPU.ActiveCfg = Release|Any CPU
		{F1DA37E1-B94F-4614-BAAA-E6800CF0ADDE}.Release|Any CPU.Build.0 = Release|Any CPU
		{FC183E51-B493-4ABC-BC46-7EEE687D162E}.Debug|Any CPU.ActiveCfg = Debug|Any CPU
		{FC183E51-B493-4ABC-BC46-7EEE687D162E}.Debug|Any CPU.Build.0 = Debug|Any CPU
		{FC183E51-B493-4ABC-BC46-7EEE687D162E}.Release|Any CPU.ActiveCfg = Release|Any CPU
		{FC183E51-B493-4ABC-BC46-7EEE687D162E}.Release|Any CPU.Build.0 = Release|Any CPU
		{ADF32BB1-0C12-4CFB-B4C7-37E698EC159C}.Debug|Any CPU.ActiveCfg = Debug|Any CPU
		{ADF32BB1-0C12-4CFB-B4C7-37E698EC159C}.Debug|Any CPU.Build.0 = Debug|Any CPU
		{ADF32BB1-0C12-4CFB-B4C7-37E698EC159C}.Release|Any CPU.ActiveCfg = Release|Any CPU
		{ADF32BB1-0C12-4CFB-B4C7-37E698EC159C}.Release|Any CPU.Build.0 = Release|Any CPU
		{994DD680-20D1-46F0-903B-8522297CBC90}.Debug|Any CPU.ActiveCfg = Debug|Any CPU
		{994DD680-20D1-46F0-903B-8522297CBC90}.Debug|Any CPU.Build.0 = Debug|Any CPU
		{994DD680-20D1-46F0-903B-8522297CBC90}.Release|Any CPU.ActiveCfg = Release|Any CPU
		{994DD680-20D1-46F0-903B-8522297CBC90}.Release|Any CPU.Build.0 = Release|Any CPU
		{CB30CE9F-64CF-4416-832B-40BFBB26D29C}.Debug|Any CPU.ActiveCfg = Debug|Any CPU
		{CB30CE9F-64CF-4416-832B-40BFBB26D29C}.Debug|Any CPU.Build.0 = Debug|Any CPU
		{CB30CE9F-64CF-4416-832B-40BFBB26D29C}.Release|Any CPU.ActiveCfg = Release|Any CPU
		{CB30CE9F-64CF-4416-832B-40BFBB26D29C}.Release|Any CPU.Build.0 = Release|Any CPU
	EndGlobalSection
	GlobalSection(SolutionProperties) = preSolution
		HideSolutionNode = FALSE
	EndGlobalSection
	GlobalSection(NestedProjects) = preSolution
		{F4E6F4DD-E8A6-4451-8356-01FF60A5F3BA} = {D976F9BB-AC54-41B3-A107-94DA0875970F}
		{F1DA37E1-B94F-4614-BAAA-E6800CF0ADDE} = {D976F9BB-AC54-41B3-A107-94DA0875970F}
		{FC183E51-B493-4ABC-BC46-7EEE687D162E} = {D976F9BB-AC54-41B3-A107-94DA0875970F}
		{ADF32BB1-0C12-4CFB-B4C7-37E698EC159C} = {D976F9BB-AC54-41B3-A107-94DA0875970F}
		{994DD680-20D1-46F0-903B-8522297CBC90} = {D976F9BB-AC54-41B3-A107-94DA0875970F}
		{C9083B5F-3CDF-4009-8CE2-86749F61D75F} = {D976F9BB-AC54-41B3-A107-94DA0875970F}
		{CB30CE9F-64CF-4416-832B-40BFBB26D29C} = {C9083B5F-3CDF-4009-8CE2-86749F61D75F}
	EndGlobalSection
	GlobalSection(ExtensibilityGlobals) = postSolution
		SolutionGuid = {7C36C2BD-5825-480D-B073-D2BDA3AB98E3}
	EndGlobalSection
EndGlobal
